
Microsoft Visual Studio Solution File, Format Version 12.00
# Visual Studio Version 17
VisualStudioVersion = 17.9.34902.65
MinimumVisualStudioVersion = 10.0.40219.1
Project("{2150E333-8FDC-42A3-9474-1A3956D46DE8}") = "src", "src", "{50E48105-5883-42DF-AC64-FBCEF1B126A0}"
EndProject
Project("{2150E333-8FDC-42A3-9474-1A3956D46DE8}") = "connectors", "connectors", "{B644C6C1-6F71-4670-80DE-4B001728389A}"
EndProject
Project("{9A19103F-16F7-4668-BE54-9A1E7A4F7556}") = "SemanticKernel.Connectors.Ollama", "src\connectors\SemanticKernel.Connectors.Ollama\SemanticKernel.Connectors.Ollama.csproj", "{3B384499-DBAE-4E88-B8BD-3C149DD3B978}"
EndProject
Project("{2150E333-8FDC-42A3-9474-1A3956D46DE8}") = "nuget", "nuget", "{0306A42B-FE19-4171-BF2A-C47BC0290F9E}"
	ProjectSection(SolutionItems) = preProject
		nuget\nuget-package.props = nuget\nuget-package.props
	EndProjectSection
EndProject
Project("{2150E333-8FDC-42A3-9474-1A3956D46DE8}") = "tests", "tests", "{A3A46D98-F411-4BA6-A83A-914619B9B80B}"
EndProject
Project("{9A19103F-16F7-4668-BE54-9A1E7A4F7556}") = "SemanticKernel.Connectors.UnitTests", "tests\SemanticKernel.Connectors.UnitTests\SemanticKernel.Connectors.UnitTests.csproj", "{B753F03B-4BDD-4865-9D5A-6EC8C91C6F56}"
EndProject
Project("{2150E333-8FDC-42A3-9474-1A3956D46DE8}") = "AI", "AI", "{D6E981A2-5334-4464-AA8F-BB5488216E23}"
EndProject
Global
	GlobalSection(SolutionConfigurationPlatforms) = preSolution
		Debug|Any CPU = Debug|Any CPU
		Publish|Any CPU = Publish|Any CPU
		Release|Any CPU = Release|Any CPU
	EndGlobalSection
	GlobalSection(ProjectConfigurationPlatforms) = postSolution
		{3B384499-DBAE-4E88-B8BD-3C149DD3B978}.Debug|Any CPU.ActiveCfg = Debug|Any CPU
		{3B384499-DBAE-4E88-B8BD-3C149DD3B978}.Debug|Any CPU.Build.0 = Debug|Any CPU
		{3B384499-DBAE-4E88-B8BD-3C149DD3B978}.Publish|Any CPU.ActiveCfg = Publish|Any CPU
		{3B384499-DBAE-4E88-B8BD-3C149DD3B978}.Publish|Any CPU.Build.0 = Publish|Any CPU
		{3B384499-DBAE-4E88-B8BD-3C149DD3B978}.Release|Any CPU.ActiveCfg = Release|Any CPU
		{3B384499-DBAE-4E88-B8BD-3C149DD3B978}.Release|Any CPU.Build.0 = Release|Any CPU
		{B753F03B-4BDD-4865-9D5A-6EC8C91C6F56}.Debug|Any CPU.ActiveCfg = Debug|Any CPU
		{B753F03B-4BDD-4865-9D5A-6EC8C91C6F56}.Debug|Any CPU.Build.0 = Debug|Any CPU
		{B753F03B-4BDD-4865-9D5A-6EC8C91C6F56}.Publish|Any CPU.ActiveCfg = Release|Any CPU
		{B753F03B-4BDD-4865-9D5A-6EC8C91C6F56}.Publish|Any CPU.Build.0 = Release|Any CPU
		{B753F03B-4BDD-4865-9D5A-6EC8C91C6F56}.Release|Any CPU.ActiveCfg = Release|Any CPU
		{B753F03B-4BDD-4865-9D5A-6EC8C91C6F56}.Release|Any CPU.Build.0 = Release|Any CPU
	EndGlobalSection
	GlobalSection(SolutionProperties) = preSolution
		HideSolutionNode = FALSE
	EndGlobalSection
	GlobalSection(NestedProjects) = preSolution
		{B644C6C1-6F71-4670-80DE-4B001728389A} = {50E48105-5883-42DF-AC64-FBCEF1B126A0}
		{3B384499-DBAE-4E88-B8BD-3C149DD3B978} = {D6E981A2-5334-4464-AA8F-BB5488216E23}
		{B753F03B-4BDD-4865-9D5A-6EC8C91C6F56} = {A3A46D98-F411-4BA6-A83A-914619B9B80B}
		{D6E981A2-5334-4464-AA8F-BB5488216E23} = {B644C6C1-6F71-4670-80DE-4B001728389A}
	EndGlobalSection
	GlobalSection(ExtensibilityGlobals) = postSolution
		SolutionGuid = {14A5611D-1A7A-40AC-8BB9-A12AAF7B325E}
	EndGlobalSection
EndGlobal
